// !$*UTF8*$!
{
	archiveVersion = 1;
	classes = {
	};
	objectVersion = 55;
	objects = {

/* Begin PBXBuildFile section */
		6BC8AD4C297D9A55007FD1CD /* RMCharacterPhotoCollectionViewCell.swift in Sources */ = {isa = PBXBuildFile; fileRef = 6BC8AD4B297D9A55007FD1CD /* RMCharacterPhotoCollectionViewCell.swift */; };
		6BC8AD4E297D9A69007FD1CD /* RMCharacterInfoCollectionViewCell.swift in Sources */ = {isa = PBXBuildFile; fileRef = 6BC8AD4D297D9A69007FD1CD /* RMCharacterInfoCollectionViewCell.swift */; };
		6BC8AD50297D9A8C007FD1CD /* RMCharacterEpisodesCollectionViewCell.swift in Sources */ = {isa = PBXBuildFile; fileRef = 6BC8AD4F297D9A8C007FD1CD /* RMCharacterEpisodesCollectionViewCell.swift */; };
		6BC8AD53297EC975007FD1CD /* RMCharacterPhotoCollectionViewCellViewModel.swift in Sources */ = {isa = PBXBuildFile; fileRef = 6BC8AD52297EC975007FD1CD /* RMCharacterPhotoCollectionViewCellViewModel.swift */; };
		6BC8AD55297EC9A1007FD1CD /* RMCharacterInfoCollectionViewCellViewModel.swift in Sources */ = {isa = PBXBuildFile; fileRef = 6BC8AD54297EC9A1007FD1CD /* RMCharacterInfoCollectionViewCellViewModel.swift */; };
		6BC8AD57297EC9B4007FD1CD /* RMCharacterEpisodesCollectionViewCellViewModel.swift in Sources */ = {isa = PBXBuildFile; fileRef = 6BC8AD56297EC9B4007FD1CD /* RMCharacterEpisodesCollectionViewCellViewModel.swift */; };
		6BC8AD5929811E9B007FD1CD /* RMEpisodeDetailViewController.swift in Sources */ = {isa = PBXBuildFile; fileRef = 6BC8AD5829811E9B007FD1CD /* RMEpisodeDetailViewController.swift */; };
		6BDCCCD6296676490085BA43 /* RMImageLoader.swift in Sources */ = {isa = PBXBuildFile; fileRef = 6BDCCCD5296676480085BA43 /* RMImageLoader.swift */; };
		6BF8AF83295DD6FA00E94739 /* AppDelegate.swift in Sources */ = {isa = PBXBuildFile; fileRef = 6BF8AF82295DD6FA00E94739 /* AppDelegate.swift */; };
		6BF8AF85295DD6FA00E94739 /* SceneDelegate.swift in Sources */ = {isa = PBXBuildFile; fileRef = 6BF8AF84295DD6FA00E94739 /* SceneDelegate.swift */; };
		6BF8AF87295DD6FA00E94739 /* RMTabViewController.swift in Sources */ = {isa = PBXBuildFile; fileRef = 6BF8AF86295DD6FA00E94739 /* RMTabViewController.swift */; };
		6BF8AF8C295DD6FC00E94739 /* Assets.xcassets in Resources */ = {isa = PBXBuildFile; fileRef = 6BF8AF8B295DD6FC00E94739 /* Assets.xcassets */; };
		6BF8AF8F295DD6FC00E94739 /* LaunchScreen.storyboard in Resources */ = {isa = PBXBuildFile; fileRef = 6BF8AF8D295DD6FC00E94739 /* LaunchScreen.storyboard */; };
		6BF8AFA0295DE6CD00E94739 /* RMLocation.swift in Sources */ = {isa = PBXBuildFile; fileRef = 6BF8AF9F295DE6CD00E94739 /* RMLocation.swift */; };
		6BF8AFA2295DE6E900E94739 /* RMCharacter.swift in Sources */ = {isa = PBXBuildFile; fileRef = 6BF8AFA1295DE6E900E94739 /* RMCharacter.swift */; };
		6BF8AFA4295DE6FC00E94739 /* RMEpisode.swift in Sources */ = {isa = PBXBuildFile; fileRef = 6BF8AFA3295DE6FC00E94739 /* RMEpisode.swift */; };
		6BF8AFA7295DE7E800E94739 /* RMCharacterViewController.swift in Sources */ = {isa = PBXBuildFile; fileRef = 6BF8AFA6295DE7E800E94739 /* RMCharacterViewController.swift */; };
		6BF8AFA9295DE7FB00E94739 /* RMLocationViewController.swift in Sources */ = {isa = PBXBuildFile; fileRef = 6BF8AFA8295DE7FB00E94739 /* RMLocationViewController.swift */; };
		6BF8AFAB295DE81000E94739 /* RMEpisodeViewController.swift in Sources */ = {isa = PBXBuildFile; fileRef = 6BF8AFAA295DE81000E94739 /* RMEpisodeViewController.swift */; };
		6BF8AFAD295DE86F00E94739 /* RMSettingViewController.swift in Sources */ = {isa = PBXBuildFile; fileRef = 6BF8AFAC295DE86F00E94739 /* RMSettingViewController.swift */; };
		6BF8AFAF295E014E00E94739 /* RMService.swift in Sources */ = {isa = PBXBuildFile; fileRef = 6BF8AFAE295E014E00E94739 /* RMService.swift */; };
		6BF8AFB1295E016A00E94739 /* RMRequest.swift in Sources */ = {isa = PBXBuildFile; fileRef = 6BF8AFB0295E016A00E94739 /* RMRequest.swift */; };
		6BF8AFB3295E087500E94739 /* RMEndpoint.swift in Sources */ = {isa = PBXBuildFile; fileRef = 6BF8AFB2295E087500E94739 /* RMEndpoint.swift */; };
		6BF8AFB5295E7F6000E94739 /* RMOrigin.swift in Sources */ = {isa = PBXBuildFile; fileRef = 6BF8AFB4295E7F6000E94739 /* RMOrigin.swift */; };
		6BF8AFB7295E7FD700E94739 /* RMSingleLocation.swift in Sources */ = {isa = PBXBuildFile; fileRef = 6BF8AFB6295E7FD700E94739 /* RMSingleLocation.swift */; };
		6BF8AFB9295E811D00E94739 /* RMCharacterStatus.swift in Sources */ = {isa = PBXBuildFile; fileRef = 6BF8AFB8295E811D00E94739 /* RMCharacterStatus.swift */; };
		6BF8AFBB295E814F00E94739 /* RMCharacterGender.swift in Sources */ = {isa = PBXBuildFile; fileRef = 6BF8AFBA295E814F00E94739 /* RMCharacterGender.swift */; };
		6BF8AFBF295EF93700E94739 /* RMGetAllCharacterResponse.swift in Sources */ = {isa = PBXBuildFile; fileRef = 6BF8AFBE295EF93700E94739 /* RMGetAllCharacterResponse.swift */; };
		6BF8AFC1295F0E4500E94739 /* CharactersListViewViewModel.swift in Sources */ = {isa = PBXBuildFile; fileRef = 6BF8AFC0295F0E4500E94739 /* CharactersListViewViewModel.swift */; };
		6BF8AFC3295F0F2100E94739 /* CharacterListView.swift in Sources */ = {isa = PBXBuildFile; fileRef = 6BF8AFC2295F0F2100E94739 /* CharacterListView.swift */; };
		6BF8AFC5295F189B00E94739 /* Extensions.swift in Sources */ = {isa = PBXBuildFile; fileRef = 6BF8AFC4295F189B00E94739 /* Extensions.swift */; };
		6BF8AFC7295FB24B00E94739 /* RMCharacterCollectionViewCell.swift in Sources */ = {isa = PBXBuildFile; fileRef = 6BF8AFC6295FB24B00E94739 /* RMCharacterCollectionViewCell.swift */; };
		6BF8AFC9295FB4C600E94739 /* RMCharacterCollectionViewCellViewModel.swift in Sources */ = {isa = PBXBuildFile; fileRef = 6BF8AFC8295FB4C600E94739 /* RMCharacterCollectionViewCellViewModel.swift */; };
		6BF8AFCC29618F7600E94739 /* RMCharaterDetailViewController.swift in Sources */ = {isa = PBXBuildFile; fileRef = 6BF8AFCB29618F7600E94739 /* RMCharaterDetailViewController.swift */; };
		6BF8AFCE296191B900E94739 /* RMCharacterDetailView.swift in Sources */ = {isa = PBXBuildFile; fileRef = 6BF8AFCD296191B900E94739 /* RMCharacterDetailView.swift */; };
		6BF8AFD02961920A00E94739 /* RMCharacterDetailViewModel.swift in Sources */ = {isa = PBXBuildFile; fileRef = 6BF8AFCF2961920A00E94739 /* RMCharacterDetailViewModel.swift */; };
		6BF8AFD22961C83400E94739 /* RMFooterLoadingCollectionReusableView.swift in Sources */ = {isa = PBXBuildFile; fileRef = 6BF8AFD12961C83400E94739 /* RMFooterLoadingCollectionReusableView.swift */; };
/* End PBXBuildFile section */

/* Begin PBXFileReference section */
		6BC8AD4B297D9A55007FD1CD /* RMCharacterPhotoCollectionViewCell.swift */ = {isa = PBXFileReference; lastKnownFileType = sourcecode.swift; path = RMCharacterPhotoCollectionViewCell.swift; sourceTree = "<group>"; };
		6BC8AD4D297D9A69007FD1CD /* RMCharacterInfoCollectionViewCell.swift */ = {isa = PBXFileReference; lastKnownFileType = sourcecode.swift; path = RMCharacterInfoCollectionViewCell.swift; sourceTree = "<group>"; };
		6BC8AD4F297D9A8C007FD1CD /* RMCharacterEpisodesCollectionViewCell.swift */ = {isa = PBXFileReference; lastKnownFileType = sourcecode.swift; path = RMCharacterEpisodesCollectionViewCell.swift; sourceTree = "<group>"; };
		6BC8AD52297EC975007FD1CD /* RMCharacterPhotoCollectionViewCellViewModel.swift */ = {isa = PBXFileReference; lastKnownFileType = sourcecode.swift; path = RMCharacterPhotoCollectionViewCellViewModel.swift; sourceTree = "<group>"; };
		6BC8AD54297EC9A1007FD1CD /* RMCharacterInfoCollectionViewCellViewModel.swift */ = {isa = PBXFileReference; lastKnownFileType = sourcecode.swift; path = RMCharacterInfoCollectionViewCellViewModel.swift; sourceTree = "<group>"; };
		6BC8AD56297EC9B4007FD1CD /* RMCharacterEpisodesCollectionViewCellViewModel.swift */ = {isa = PBXFileReference; lastKnownFileType = sourcecode.swift; path = RMCharacterEpisodesCollectionViewCellViewModel.swift; sourceTree = "<group>"; };
		6BC8AD5829811E9B007FD1CD /* RMEpisodeDetailViewController.swift */ = {isa = PBXFileReference; lastKnownFileType = sourcecode.swift; path = RMEpisodeDetailViewController.swift; sourceTree = "<group>"; };
		6BDCCCD5296676480085BA43 /* RMImageLoader.swift */ = {isa = PBXFileReference; lastKnownFileType = sourcecode.swift; path = RMImageLoader.swift; sourceTree = "<group>"; };
		6BF8AF7F295DD6FA00E94739 /* RickAndMorty.app */ = {isa = PBXFileReference; explicitFileType = wrapper.application; includeInIndex = 0; path = RickAndMorty.app; sourceTree = BUILT_PRODUCTS_DIR; };
		6BF8AF82295DD6FA00E94739 /* AppDelegate.swift */ = {isa = PBXFileReference; lastKnownFileType = sourcecode.swift; path = AppDelegate.swift; sourceTree = "<group>"; };
		6BF8AF84295DD6FA00E94739 /* SceneDelegate.swift */ = {isa = PBXFileReference; lastKnownFileType = sourcecode.swift; path = SceneDelegate.swift; sourceTree = "<group>"; };
		6BF8AF86295DD6FA00E94739 /* RMTabViewController.swift */ = {isa = PBXFileReference; lastKnownFileType = sourcecode.swift; path = RMTabViewController.swift; sourceTree = "<group>"; };
		6BF8AF8B295DD6FC00E94739 /* Assets.xcassets */ = {isa = PBXFileReference; lastKnownFileType = folder.assetcatalog; path = Assets.xcassets; sourceTree = "<group>"; };
		6BF8AF8E295DD6FC00E94739 /* Base */ = {isa = PBXFileReference; lastKnownFileType = file.storyboard; name = Base; path = Base.lproj/LaunchScreen.storyboard; sourceTree = "<group>"; };
		6BF8AF90295DD6FC00E94739 /* Info.plist */ = {isa = PBXFileReference; lastKnownFileType = text.plist.xml; path = Info.plist; sourceTree = "<group>"; };
		6BF8AF9F295DE6CD00E94739 /* RMLocation.swift */ = {isa = PBXFileReference; lastKnownFileType = sourcecode.swift; path = RMLocation.swift; sourceTree = "<group>"; };
		6BF8AFA1295DE6E900E94739 /* RMCharacter.swift */ = {isa = PBXFileReference; lastKnownFileType = sourcecode.swift; path = RMCharacter.swift; sourceTree = "<group>"; };
		6BF8AFA3295DE6FC00E94739 /* RMEpisode.swift */ = {isa = PBXFileReference; lastKnownFileType = sourcecode.swift; path = RMEpisode.swift; sourceTree = "<group>"; };
		6BF8AFA6295DE7E800E94739 /* RMCharacterViewController.swift */ = {isa = PBXFileReference; lastKnownFileType = sourcecode.swift; path = RMCharacterViewController.swift; sourceTree = "<group>"; };
		6BF8AFA8295DE7FB00E94739 /* RMLocationViewController.swift */ = {isa = PBXFileReference; lastKnownFileType = sourcecode.swift; path = RMLocationViewController.swift; sourceTree = "<group>"; };
		6BF8AFAA295DE81000E94739 /* RMEpisodeViewController.swift */ = {isa = PBXFileReference; lastKnownFileType = sourcecode.swift; path = RMEpisodeViewController.swift; sourceTree = "<group>"; };
		6BF8AFAC295DE86F00E94739 /* RMSettingViewController.swift */ = {isa = PBXFileReference; lastKnownFileType = sourcecode.swift; path = RMSettingViewController.swift; sourceTree = "<group>"; };
		6BF8AFAE295E014E00E94739 /* RMService.swift */ = {isa = PBXFileReference; lastKnownFileType = sourcecode.swift; path = RMService.swift; sourceTree = "<group>"; };
		6BF8AFB0295E016A00E94739 /* RMRequest.swift */ = {isa = PBXFileReference; lastKnownFileType = sourcecode.swift; path = RMRequest.swift; sourceTree = "<group>"; };
		6BF8AFB2295E087500E94739 /* RMEndpoint.swift */ = {isa = PBXFileReference; lastKnownFileType = sourcecode.swift; path = RMEndpoint.swift; sourceTree = "<group>"; };
		6BF8AFB4295E7F6000E94739 /* RMOrigin.swift */ = {isa = PBXFileReference; lastKnownFileType = sourcecode.swift; path = RMOrigin.swift; sourceTree = "<group>"; };
		6BF8AFB6295E7FD700E94739 /* RMSingleLocation.swift */ = {isa = PBXFileReference; lastKnownFileType = sourcecode.swift; path = RMSingleLocation.swift; sourceTree = "<group>"; };
		6BF8AFB8295E811D00E94739 /* RMCharacterStatus.swift */ = {isa = PBXFileReference; lastKnownFileType = sourcecode.swift; path = RMCharacterStatus.swift; sourceTree = "<group>"; };
		6BF8AFBA295E814F00E94739 /* RMCharacterGender.swift */ = {isa = PBXFileReference; lastKnownFileType = sourcecode.swift; path = RMCharacterGender.swift; sourceTree = "<group>"; };
		6BF8AFBE295EF93700E94739 /* RMGetAllCharacterResponse.swift */ = {isa = PBXFileReference; lastKnownFileType = sourcecode.swift; path = RMGetAllCharacterResponse.swift; sourceTree = "<group>"; };
		6BF8AFC0295F0E4500E94739 /* CharactersListViewViewModel.swift */ = {isa = PBXFileReference; lastKnownFileType = sourcecode.swift; path = CharactersListViewViewModel.swift; sourceTree = "<group>"; };
		6BF8AFC2295F0F2100E94739 /* CharacterListView.swift */ = {isa = PBXFileReference; lastKnownFileType = sourcecode.swift; path = CharacterListView.swift; sourceTree = "<group>"; };
		6BF8AFC4295F189B00E94739 /* Extensions.swift */ = {isa = PBXFileReference; lastKnownFileType = sourcecode.swift; path = Extensions.swift; sourceTree = "<group>"; };
		6BF8AFC6295FB24B00E94739 /* RMCharacterCollectionViewCell.swift */ = {isa = PBXFileReference; lastKnownFileType = sourcecode.swift; path = RMCharacterCollectionViewCell.swift; sourceTree = "<group>"; };
		6BF8AFC8295FB4C600E94739 /* RMCharacterCollectionViewCellViewModel.swift */ = {isa = PBXFileReference; lastKnownFileType = sourcecode.swift; path = RMCharacterCollectionViewCellViewModel.swift; sourceTree = "<group>"; };
		6BF8AFCB29618F7600E94739 /* RMCharaterDetailViewController.swift */ = {isa = PBXFileReference; lastKnownFileType = sourcecode.swift; path = RMCharaterDetailViewController.swift; sourceTree = "<group>"; };
		6BF8AFCD296191B900E94739 /* RMCharacterDetailView.swift */ = {isa = PBXFileReference; lastKnownFileType = sourcecode.swift; path = RMCharacterDetailView.swift; sourceTree = "<group>"; };
		6BF8AFCF2961920A00E94739 /* RMCharacterDetailViewModel.swift */ = {isa = PBXFileReference; lastKnownFileType = sourcecode.swift; path = RMCharacterDetailViewModel.swift; sourceTree = "<group>"; };
		6BF8AFD12961C83400E94739 /* RMFooterLoadingCollectionReusableView.swift */ = {isa = PBXFileReference; lastKnownFileType = sourcecode.swift; path = RMFooterLoadingCollectionReusableView.swift; sourceTree = "<group>"; };
/* End PBXFileReference section */

/* Begin PBXFrameworksBuildPhase section */
		6BF8AF7C295DD6FA00E94739 /* Frameworks */ = {
			isa = PBXFrameworksBuildPhase;
			buildActionMask = 2147483647;
			files = (
			);
			runOnlyForDeploymentPostprocessing = 0;
		};
/* End PBXFrameworksBuildPhase section */

/* Begin PBXGroup section */
		6BC8AD48297D8DBD007FD1CD /* CharacterDetails */ = {
			isa = PBXGroup;
			children = (
				6BF8AFCD296191B900E94739 /* RMCharacterDetailView.swift */,
				6BC8AD4B297D9A55007FD1CD /* RMCharacterPhotoCollectionViewCell.swift */,
				6BC8AD4D297D9A69007FD1CD /* RMCharacterInfoCollectionViewCell.swift */,
				6BC8AD4F297D9A8C007FD1CD /* RMCharacterEpisodesCollectionViewCell.swift */,
				6BC8AD4A297D99FF007FD1CD /* Character */,
			);
			path = CharacterDetails;
			sourceTree = "<group>";
		};
		6BC8AD4A297D99FF007FD1CD /* Character */ = {
			isa = PBXGroup;
			children = (
				6BF8AFC2295F0F2100E94739 /* CharacterListView.swift */,
				6BF8AFC6295FB24B00E94739 /* RMCharacterCollectionViewCell.swift */,
			);
			path = Character;
			sourceTree = "<group>";
		};
		6BC8AD51297EC901007FD1CD /* CharacterDetail */ = {
			isa = PBXGroup;
			children = (
				6BF8AFCF2961920A00E94739 /* RMCharacterDetailViewModel.swift */,
				6BC8AD52297EC975007FD1CD /* RMCharacterPhotoCollectionViewCellViewModel.swift */,
				6BC8AD54297EC9A1007FD1CD /* RMCharacterInfoCollectionViewCellViewModel.swift */,
				6BC8AD56297EC9B4007FD1CD /* RMCharacterEpisodesCollectionViewCellViewModel.swift */,
			);
			path = CharacterDetail;
			sourceTree = "<group>";
		};
		6BF8AF76295DD6FA00E94739 = {
			isa = PBXGroup;
			children = (
				6BF8AF81295DD6FA00E94739 /* RickAndMorty */,
				6BF8AF80295DD6FA00E94739 /* Products */,
			);
			sourceTree = "<group>";
		};
		6BF8AF80295DD6FA00E94739 /* Products */ = {
			isa = PBXGroup;
			children = (
				6BF8AF7F295DD6FA00E94739 /* RickAndMorty.app */,
			);
			name = Products;
			sourceTree = "<group>";
		};
		6BF8AF81295DD6FA00E94739 /* RickAndMorty */ = {
			isa = PBXGroup;
			children = (
				6BF8AF9E295DE58300E94739 /* Resources */,
				6BF8AF9D295DE52D00E94739 /* ApiClient */,
				6BF8AF9C295DE49300E94739 /* Managers */,
				6BF8AF9B295DE44100E94739 /* Views */,
				6BF8AF99295DE3EC00E94739 /* ViewModels */,
				6BF8AF98295DE3DF00E94739 /* Models */,
				6BF8AF96295DE3C800E94739 /* Controllers */,
				6BF8AF90295DD6FC00E94739 /* Info.plist */,
			);
			path = RickAndMorty;
			sourceTree = "<group>";
		};
		6BF8AF96295DE3C800E94739 /* Controllers */ = {
			isa = PBXGroup;
			children = (
				6BF8AFCA29618F0600E94739 /* Other */,
				6BF8AFA5295DE77800E94739 /* Core */,
			);
			path = Controllers;
			sourceTree = "<group>";
		};
		6BF8AF98295DE3DF00E94739 /* Models */ = {
			isa = PBXGroup;
			children = (
				6BF8AFBD295EF90B00E94739 /* APIResponseType */,
				6BF8AFBC295EF8D900E94739 /* DataTypes */,
			);
			path = Models;
			sourceTree = "<group>";
		};
		6BF8AF99295DE3EC00E94739 /* ViewModels */ = {
			isa = PBXGroup;
			children = (
				6BC8AD51297EC901007FD1CD /* CharacterDetail */,
				6BF8AFC0295F0E4500E94739 /* CharactersListViewViewModel.swift */,
				6BF8AFC8295FB4C600E94739 /* RMCharacterCollectionViewCellViewModel.swift */,
			);
			path = ViewModels;
			sourceTree = "<group>";
		};
		6BF8AF9B295DE44100E94739 /* Views */ = {
			isa = PBXGroup;
			children = (
				6BC8AD48297D8DBD007FD1CD /* CharacterDetails */,
				6BF8AFD12961C83400E94739 /* RMFooterLoadingCollectionReusableView.swift */,
			);
			path = Views;
			sourceTree = "<group>";
		};
		6BF8AF9C295DE49300E94739 /* Managers */ = {
			isa = PBXGroup;
			children = (
				6BDCCCD5296676480085BA43 /* RMImageLoader.swift */,
			);
			path = Managers;
			sourceTree = "<group>";
		};
		6BF8AF9D295DE52D00E94739 /* ApiClient */ = {
			isa = PBXGroup;
			children = (
				6BF8AFAE295E014E00E94739 /* RMService.swift */,
				6BF8AFB0295E016A00E94739 /* RMRequest.swift */,
				6BF8AFB2295E087500E94739 /* RMEndpoint.swift */,
			);
			path = ApiClient;
			sourceTree = "<group>";
		};
		6BF8AF9E295DE58300E94739 /* Resources */ = {
			isa = PBXGroup;
			children = (
				6BF8AF8B295DD6FC00E94739 /* Assets.xcassets */,
				6BF8AF8D295DD6FC00E94739 /* LaunchScreen.storyboard */,
				6BF8AF82295DD6FA00E94739 /* AppDelegate.swift */,
				6BF8AF84295DD6FA00E94739 /* SceneDelegate.swift */,
				6BF8AFC4295F189B00E94739 /* Extensions.swift */,
			);
			path = Resources;
			sourceTree = "<group>";
		};
		6BF8AFA5295DE77800E94739 /* Core */ = {
			isa = PBXGroup;
			children = (
				6BF8AF86295DD6FA00E94739 /* RMTabViewController.swift */,
				6BF8AFA6295DE7E800E94739 /* RMCharacterViewController.swift */,
				6BF8AFA8295DE7FB00E94739 /* RMLocationViewController.swift */,
				6BF8AFAA295DE81000E94739 /* RMEpisodeViewController.swift */,
				6BF8AFAC295DE86F00E94739 /* RMSettingViewController.swift */,
			);
			path = Core;
			sourceTree = "<group>";
		};
		6BF8AFBC295EF8D900E94739 /* DataTypes */ = {
			isa = PBXGroup;
			children = (
				6BF8AF9F295DE6CD00E94739 /* RMLocation.swift */,
				6BF8AFA1295DE6E900E94739 /* RMCharacter.swift */,
				6BF8AFA3295DE6FC00E94739 /* RMEpisode.swift */,
				6BF8AFB4295E7F6000E94739 /* RMOrigin.swift */,
				6BF8AFB6295E7FD700E94739 /* RMSingleLocation.swift */,
				6BF8AFB8295E811D00E94739 /* RMCharacterStatus.swift */,
				6BF8AFBA295E814F00E94739 /* RMCharacterGender.swift */,
			);
			path = DataTypes;
			sourceTree = "<group>";
		};
		6BF8AFBD295EF90B00E94739 /* APIResponseType */ = {
			isa = PBXGroup;
			children = (
				6BF8AFBE295EF93700E94739 /* RMGetAllCharacterResponse.swift */,
			);
			path = APIResponseType;
			sourceTree = "<group>";
		};
		6BF8AFCA29618F0600E94739 /* Other */ = {
			isa = PBXGroup;
			children = (
				6BF8AFCB29618F7600E94739 /* RMCharaterDetailViewController.swift */,
				6BC8AD5829811E9B007FD1CD /* RMEpisodeDetailViewController.swift */,
			);
			path = Other;
			sourceTree = "<group>";
		};
/* End PBXGroup section */

/* Begin PBXNativeTarget section */
		6BF8AF7E295DD6FA00E94739 /* RickAndMorty */ = {
			isa = PBXNativeTarget;
			buildConfigurationList = 6BF8AF93295DD6FC00E94739 /* Build configuration list for PBXNativeTarget "RickAndMorty" */;
			buildPhases = (
				6BF8AF7B295DD6FA00E94739 /* Sources */,
				6BF8AF7C295DD6FA00E94739 /* Frameworks */,
				6BF8AF7D295DD6FA00E94739 /* Resources */,
			);
			buildRules = (
			);
			dependencies = (
			);
			name = RickAndMorty;
			productName = RickAndMorty;
			productReference = 6BF8AF7F295DD6FA00E94739 /* RickAndMorty.app */;
			productType = "com.apple.product-type.application";
		};
/* End PBXNativeTarget section */

/* Begin PBXProject section */
		6BF8AF77295DD6FA00E94739 /* Project object */ = {
			isa = PBXProject;
			attributes = {
				BuildIndependentTargetsInParallel = 1;
				LastSwiftUpdateCheck = 1340;
				LastUpgradeCheck = 1340;
				TargetAttributes = {
					6BF8AF7E295DD6FA00E94739 = {
						CreatedOnToolsVersion = 13.4.1;
					};
				};
			};
			buildConfigurationList = 6BF8AF7A295DD6FA00E94739 /* Build configuration list for PBXProject "RickAndMorty" */;
			compatibilityVersion = "Xcode 13.0";
			developmentRegion = en;
			hasScannedForEncodings = 0;
			knownRegions = (
				en,
				Base,
			);
			mainGroup = 6BF8AF76295DD6FA00E94739;
			productRefGroup = 6BF8AF80295DD6FA00E94739 /* Products */;
			projectDirPath = "";
			projectRoot = "";
			targets = (
				6BF8AF7E295DD6FA00E94739 /* RickAndMorty */,
			);
		};
/* End PBXProject section */

/* Begin PBXResourcesBuildPhase section */
		6BF8AF7D295DD6FA00E94739 /* Resources */ = {
			isa = PBXResourcesBuildPhase;
			buildActionMask = 2147483647;
			files = (
				6BF8AF8F295DD6FC00E94739 /* LaunchScreen.storyboard in Resources */,
				6BF8AF8C295DD6FC00E94739 /* Assets.xcassets in Resources */,
			);
			runOnlyForDeploymentPostprocessing = 0;
		};
/* End PBXResourcesBuildPhase section */

/* Begin PBXSourcesBuildPhase section */
		6BF8AF7B295DD6FA00E94739 /* Sources */ = {
			isa = PBXSourcesBuildPhase;
			buildActionMask = 2147483647;
			files = (
				6BF8AFB5295E7F6000E94739 /* RMOrigin.swift in Sources */,
				6BF8AFB7295E7FD700E94739 /* RMSingleLocation.swift in Sources */,
				6BF8AFCC29618F7600E94739 /* RMCharaterDetailViewController.swift in Sources */,
				6BF8AFC3295F0F2100E94739 /* CharacterListView.swift in Sources */,
				6BC8AD57297EC9B4007FD1CD /* RMCharacterEpisodesCollectionViewCellViewModel.swift in Sources */,
				6BF8AFB9295E811D00E94739 /* RMCharacterStatus.swift in Sources */,
				6BF8AFBB295E814F00E94739 /* RMCharacterGender.swift in Sources */,
				6BF8AFA9295DE7FB00E94739 /* RMLocationViewController.swift in Sources */,
				6BF8AFA4295DE6FC00E94739 /* RMEpisode.swift in Sources */,
				6BF8AFD22961C83400E94739 /* RMFooterLoadingCollectionReusableView.swift in Sources */,
				6BF8AF87295DD6FA00E94739 /* RMTabViewController.swift in Sources */,
				6BF8AFAB295DE81000E94739 /* RMEpisodeViewController.swift in Sources */,
				6BC8AD4E297D9A69007FD1CD /* RMCharacterInfoCollectionViewCell.swift in Sources */,
				6BF8AFC7295FB24B00E94739 /* RMCharacterCollectionViewCell.swift in Sources */,
				6BF8AFAD295DE86F00E94739 /* RMSettingViewController.swift in Sources */,
				6BC8AD55297EC9A1007FD1CD /* RMCharacterInfoCollectionViewCellViewModel.swift in Sources */,
				6BF8AF83295DD6FA00E94739 /* AppDelegate.swift in Sources */,
				6BDCCCD6296676490085BA43 /* RMImageLoader.swift in Sources */,
				6BF8AFA0295DE6CD00E94739 /* RMLocation.swift in Sources */,
				6BF8AFAF295E014E00E94739 /* RMService.swift in Sources */,
				6BC8AD4C297D9A55007FD1CD /* RMCharacterPhotoCollectionViewCell.swift in Sources */,
				6BF8AFC5295F189B00E94739 /* Extensions.swift in Sources */,
				6BF8AFD02961920A00E94739 /* RMCharacterDetailViewModel.swift in Sources */,
				6BC8AD53297EC975007FD1CD /* RMCharacterPhotoCollectionViewCellViewModel.swift in Sources */,
				6BC8AD50297D9A8C007FD1CD /* RMCharacterEpisodesCollectionViewCell.swift in Sources */,
				6BF8AF85295DD6FA00E94739 /* SceneDelegate.swift in Sources */,
				6BF8AFB3295E087500E94739 /* RMEndpoint.swift in Sources */,
				6BC8AD5929811E9B007FD1CD /* RMEpisodeDetailViewController.swift in Sources */,
				6BF8AFC1295F0E4500E94739 /* CharactersListViewViewModel.swift in Sources */,
				6BF8AFA2295DE6E900E94739 /* RMCharacter.swift in Sources */,
				6BF8AFC9295FB4C600E94739 /* RMCharacterCollectionViewCellViewModel.swift in Sources */,
				6BF8AFB1295E016A00E94739 /* RMRequest.swift in Sources */,
				6BF8AFBF295EF93700E94739 /* RMGetAllCharacterResponse.swift in Sources */,
				6BF8AFA7295DE7E800E94739 /* RMCharacterViewController.swift in Sources */,
				6BF8AFCE296191B900E94739 /* RMCharacterDetailView.swift in Sources */,
			);
			runOnlyForDeploymentPostprocessing = 0;
		};
/* End PBXSourcesBuildPhase section */

/* Begin PBXVariantGroup section */
		6BF8AF8D295DD6FC00E94739 /* LaunchScreen.storyboard */ = {
			isa = PBXVariantGroup;
			children = (
				6BF8AF8E295DD6FC00E94739 /* Base */,
			);
			name = LaunchScreen.storyboard;
			sourceTree = "<group>";
		};
/* End PBXVariantGroup section */

/* Begin XCBuildConfiguration section */
		6BF8AF91295DD6FC00E94739 /* Debug */ = {
			isa = XCBuildConfiguration;
			buildSettings = {
				ALWAYS_SEARCH_USER_PATHS = NO;
				CLANG_ANALYZER_NONNULL = YES;
				CLANG_ANALYZER_NUMBER_OBJECT_CONVERSION = YES_AGGRESSIVE;
				CLANG_CXX_LANGUAGE_STANDARD = "gnu++17";
				CLANG_ENABLE_MODULES = YES;
				CLANG_ENABLE_OBJC_ARC = YES;
				CLANG_ENABLE_OBJC_WEAK = YES;
				CLANG_WARN_BLOCK_CAPTURE_AUTORELEASING = YES;
				CLANG_WARN_BOOL_CONVERSION = YES;
				CLANG_WARN_COMMA = YES;
				CLANG_WARN_CONSTANT_CONVERSION = YES;
				CLANG_WARN_DEPRECATED_OBJC_IMPLEMENTATIONS = YES;
				CLANG_WARN_DIRECT_OBJC_ISA_USAGE = YES_ERROR;
				CLANG_WARN_DOCUMENTATION_COMMENTS = YES;
				CLANG_WARN_EMPTY_BODY = YES;
				CLANG_WARN_ENUM_CONVERSION = YES;
				CLANG_WARN_INFINITE_RECURSION = YES;
				CLANG_WARN_INT_CONVERSION = YES;
				CLANG_WARN_NON_LITERAL_NULL_CONVERSION = YES;
				CLANG_WARN_OBJC_IMPLICIT_RETAIN_SELF = YES;
				CLANG_WARN_OBJC_LITERAL_CONVERSION = YES;
				CLANG_WARN_OBJC_ROOT_CLASS = YES_ERROR;
				CLANG_WARN_QUOTED_INCLUDE_IN_FRAMEWORK_HEADER = YES;
				CLANG_WARN_RANGE_LOOP_ANALYSIS = YES;
				CLANG_WARN_STRICT_PROTOTYPES = YES;
				CLANG_WARN_SUSPICIOUS_MOVE = YES;
				CLANG_WARN_UNGUARDED_AVAILABILITY = YES_AGGRESSIVE;
				CLANG_WARN_UNREACHABLE_CODE = YES;
				CLANG_WARN__DUPLICATE_METHOD_MATCH = YES;
				COPY_PHASE_STRIP = NO;
				DEBUG_INFORMATION_FORMAT = dwarf;
				ENABLE_STRICT_OBJC_MSGSEND = YES;
				ENABLE_TESTABILITY = YES;
				GCC_C_LANGUAGE_STANDARD = gnu11;
				GCC_DYNAMIC_NO_PIC = NO;
				GCC_NO_COMMON_BLOCKS = YES;
				GCC_OPTIMIZATION_LEVEL = 0;
				GCC_PREPROCESSOR_DEFINITIONS = (
					"DEBUG=1",
					"$(inherited)",
				);
				GCC_WARN_64_TO_32_BIT_CONVERSION = YES;
				GCC_WARN_ABOUT_RETURN_TYPE = YES_ERROR;
				GCC_WARN_UNDECLARED_SELECTOR = YES;
				GCC_WARN_UNINITIALIZED_AUTOS = YES_AGGRESSIVE;
				GCC_WARN_UNUSED_FUNCTION = YES;
				GCC_WARN_UNUSED_VARIABLE = YES;
				IPHONEOS_DEPLOYMENT_TARGET = 15.5;
				MTL_ENABLE_DEBUG_INFO = INCLUDE_SOURCE;
				MTL_FAST_MATH = YES;
				ONLY_ACTIVE_ARCH = YES;
				SDKROOT = iphoneos;
				SWIFT_ACTIVE_COMPILATION_CONDITIONS = DEBUG;
				SWIFT_OPTIMIZATION_LEVEL = "-Onone";
			};
			name = Debug;
		};
		6BF8AF92295DD6FC00E94739 /* Release */ = {
			isa = XCBuildConfiguration;
			buildSettings = {
				ALWAYS_SEARCH_USER_PATHS = NO;
				CLANG_ANALYZER_NONNULL = YES;
				CLANG_ANALYZER_NUMBER_OBJECT_CONVERSION = YES_AGGRESSIVE;
				CLANG_CXX_LANGUAGE_STANDARD = "gnu++17";
				CLANG_ENABLE_MODULES = YES;
				CLANG_ENABLE_OBJC_ARC = YES;
				CLANG_ENABLE_OBJC_WEAK = YES;
				CLANG_WARN_BLOCK_CAPTURE_AUTORELEASING = YES;
				CLANG_WARN_BOOL_CONVERSION = YES;
				CLANG_WARN_COMMA = YES;
				CLANG_WARN_CONSTANT_CONVERSION = YES;
				CLANG_WARN_DEPRECATED_OBJC_IMPLEMENTATIONS = YES;
				CLANG_WARN_DIRECT_OBJC_ISA_USAGE = YES_ERROR;
				CLANG_WARN_DOCUMENTATION_COMMENTS = YES;
				CLANG_WARN_EMPTY_BODY = YES;
				CLANG_WARN_ENUM_CONVERSION = YES;
				CLANG_WARN_INFINITE_RECURSION = YES;
				CLANG_WARN_INT_CONVERSION = YES;
				CLANG_WARN_NON_LITERAL_NULL_CONVERSION = YES;
				CLANG_WARN_OBJC_IMPLICIT_RETAIN_SELF = YES;
				CLANG_WARN_OBJC_LITERAL_CONVERSION = YES;
				CLANG_WARN_OBJC_ROOT_CLASS = YES_ERROR;
				CLANG_WARN_QUOTED_INCLUDE_IN_FRAMEWORK_HEADER = YES;
				CLANG_WARN_RANGE_LOOP_ANALYSIS = YES;
				CLANG_WARN_STRICT_PROTOTYPES = YES;
				CLANG_WARN_SUSPICIOUS_MOVE = YES;
				CLANG_WARN_UNGUARDED_AVAILABILITY = YES_AGGRESSIVE;
				CLANG_WARN_UNREACHABLE_CODE = YES;
				CLANG_WARN__DUPLICATE_METHOD_MATCH = YES;
				COPY_PHASE_STRIP = NO;
				DEBUG_INFORMATION_FORMAT = "dwarf-with-dsym";
				ENABLE_NS_ASSERTIONS = NO;
				ENABLE_STRICT_OBJC_MSGSEND = YES;
				GCC_C_LANGUAGE_STANDARD = gnu11;
				GCC_NO_COMMON_BLOCKS = YES;
				GCC_WARN_64_TO_32_BIT_CONVERSION = YES;
				GCC_WARN_ABOUT_RETURN_TYPE = YES_ERROR;
				GCC_WARN_UNDECLARED_SELECTOR = YES;
				GCC_WARN_UNINITIALIZED_AUTOS = YES_AGGRESSIVE;
				GCC_WARN_UNUSED_FUNCTION = YES;
				GCC_WARN_UNUSED_VARIABLE = YES;
				IPHONEOS_DEPLOYMENT_TARGET = 15.5;
				MTL_ENABLE_DEBUG_INFO = NO;
				MTL_FAST_MATH = YES;
				SDKROOT = iphoneos;
				SWIFT_COMPILATION_MODE = wholemodule;
				SWIFT_OPTIMIZATION_LEVEL = "-O";
				VALIDATE_PRODUCT = YES;
			};
			name = Release;
		};
		6BF8AF94295DD6FC00E94739 /* Debug */ = {
			isa = XCBuildConfiguration;
			buildSettings = {
				ASSETCATALOG_COMPILER_APPICON_NAME = AppIcon;
				ASSETCATALOG_COMPILER_GLOBAL_ACCENT_COLOR_NAME = AccentColor;
				CODE_SIGN_STYLE = Automatic;
				CURRENT_PROJECT_VERSION = 1;
				DEVELOPMENT_TEAM = C29CY6V7HJ;
				GENERATE_INFOPLIST_FILE = YES;
				INFOPLIST_FILE = RickAndMorty/Info.plist;
				INFOPLIST_KEY_UIApplicationSupportsIndirectInputEvents = YES;
				INFOPLIST_KEY_UILaunchStoryboardName = LaunchScreen;
				INFOPLIST_KEY_UISupportedInterfaceOrientations_iPad = "UIInterfaceOrientationPortrait UIInterfaceOrientationPortraitUpsideDown UIInterfaceOrientationLandscapeLeft UIInterfaceOrientationLandscapeRight";
				INFOPLIST_KEY_UISupportedInterfaceOrientations_iPhone = "UIInterfaceOrientationPortrait UIInterfaceOrientationLandscapeLeft UIInterfaceOrientationLandscapeRight";
				LD_RUNPATH_SEARCH_PATHS = (
					"$(inherited)",
					"@executable_path/Frameworks",
				);
				MARKETING_VERSION = 1.0;
				PRODUCT_BUNDLE_IDENTIFIER = thuta.RickAndMorty;
				PRODUCT_NAME = "$(TARGET_NAME)";
				SWIFT_EMIT_LOC_STRINGS = YES;
				SWIFT_VERSION = 5.0;
				TARGETED_DEVICE_FAMILY = "1,2";
			};
			name = Debug;
		};
		6BF8AF95295DD6FC00E94739 /* Release */ = {
			isa = XCBuildConfiguration;
			buildSettings = {
				ASSETCATALOG_COMPILER_APPICON_NAME = AppIcon;
				ASSETCATALOG_COMPILER_GLOBAL_ACCENT_COLOR_NAME = AccentColor;
				CODE_SIGN_STYLE = Automatic;
				CURRENT_PROJECT_VERSION = 1;
				DEVELOPMENT_TEAM = C29CY6V7HJ;
				GENERATE_INFOPLIST_FILE = YES;
				INFOPLIST_FILE = RickAndMorty/Info.plist;
				INFOPLIST_KEY_UIApplicationSupportsIndirectInputEvents = YES;
				INFOPLIST_KEY_UILaunchStoryboardName = LaunchScreen;
				INFOPLIST_KEY_UISupportedInterfaceOrientations_iPad = "UIInterfaceOrientationPortrait UIInterfaceOrientationPortraitUpsideDown UIInterfaceOrientationLandscapeLeft UIInterfaceOrientationLandscapeRight";
				INFOPLIST_KEY_UISupportedInterfaceOrientations_iPhone = "UIInterfaceOrientationPortrait UIInterfaceOrientationLandscapeLeft UIInterfaceOrientationLandscapeRight";
				LD_RUNPATH_SEARCH_PATHS = (
					"$(inherited)",
					"@executable_path/Frameworks",
				);
				MARKETING_VERSION = 1.0;
				PRODUCT_BUNDLE_IDENTIFIER = thuta.RickAndMorty;
				PRODUCT_NAME = "$(TARGET_NAME)";
				SWIFT_EMIT_LOC_STRINGS = YES;
				SWIFT_VERSION = 5.0;
				TARGETED_DEVICE_FAMILY = "1,2";
			};
			name = Release;
		};
/* End XCBuildConfiguration section */

/* Begin XCConfigurationList section */
		6BF8AF7A295DD6FA00E94739 /* Build configuration list for PBXProject "RickAndMorty" */ = {
			isa = XCConfigurationList;
			buildConfigurations = (
				6BF8AF91295DD6FC00E94739 /* Debug */,
				6BF8AF92295DD6FC00E94739 /* Release */,
			);
			defaultConfigurationIsVisible = 0;
			defaultConfigurationName = Release;
		};
		6BF8AF93295DD6FC00E94739 /* Build configuration list for PBXNativeTarget "RickAndMorty" */ = {
			isa = XCConfigurationList;
			buildConfigurations = (
				6BF8AF94295DD6FC00E94739 /* Debug */,
				6BF8AF95295DD6FC00E94739 /* Release */,
			);
			defaultConfigurationIsVisible = 0;
			defaultConfigurationName = Release;
		};
/* End XCConfigurationList section */
	};
	rootObject = 6BF8AF77295DD6FA00E94739 /* Project object */;
}
